// !$*UTF8*$!
{
	archiveVersion = 1;
	classes = {
	};
	objectVersion = 46;
	objects = {

/* Begin PBXBuildFile section */
		611472F5147EA3FE00F9DEA2 /* Foundation.framework in Frameworks */ = {isa = PBXBuildFile; fileRef = 611472F4147EA3FE00F9DEA2 /* Foundation.framework */; settings = {ATTRIBUTES = (Required, ); }; };
		61147323147EA45D00F9DEA2 /* DZMacros.h in Headers */ = {isa = PBXBuildFile; fileRef = 61147309147EA45D00F9DEA2 /* DZMacros.h */; };
		61147325147EA45D00F9DEA2 /* NSArray+DZ.h in Headers */ = {isa = PBXBuildFile; fileRef = 6114730B147EA45D00F9DEA2 /* NSArray+DZ.h */; };
		61147326147EA45D00F9DEA2 /* NSArray+DZ.m in Sources */ = {isa = PBXBuildFile; fileRef = 6114730C147EA45D00F9DEA2 /* NSArray+DZ.m */; };
		61147327147EA45D00F9DEA2 /* NSData+DZ.h in Headers */ = {isa = PBXBuildFile; fileRef = 6114730D147EA45D00F9DEA2 /* NSData+DZ.h */; };
		61147328147EA45D00F9DEA2 /* NSData+DZ.m in Sources */ = {isa = PBXBuildFile; fileRef = 6114730E147EA45D00F9DEA2 /* NSData+DZ.m */; };
		61147329147EA45D00F9DEA2 /* NSDate+DZ.h in Headers */ = {isa = PBXBuildFile; fileRef = 6114730F147EA45D00F9DEA2 /* NSDate+DZ.h */; };
		6114732A147EA45D00F9DEA2 /* NSDate+DZ.m in Sources */ = {isa = PBXBuildFile; fileRef = 61147310147EA45D00F9DEA2 /* NSDate+DZ.m */; };
		6114732B147EA45D00F9DEA2 /* NSMutableArray+DZ.h in Headers */ = {isa = PBXBuildFile; fileRef = 61147311147EA45D00F9DEA2 /* NSMutableArray+DZ.h */; };
		6114732C147EA45D00F9DEA2 /* NSMutableArray+DZ.m in Sources */ = {isa = PBXBuildFile; fileRef = 61147312147EA45D00F9DEA2 /* NSMutableArray+DZ.m */; };
		6114732D147EA45D00F9DEA2 /* NSNotificationCenter+DZ.h in Headers */ = {isa = PBXBuildFile; fileRef = 61147313147EA45D00F9DEA2 /* NSNotificationCenter+DZ.h */; };
		6114732E147EA45D00F9DEA2 /* NSNotificationCenter+DZ.m in Sources */ = {isa = PBXBuildFile; fileRef = 61147314147EA45D00F9DEA2 /* NSNotificationCenter+DZ.m */; };
		6114732F147EA45D00F9DEA2 /* NSObject+DZ.h in Headers */ = {isa = PBXBuildFile; fileRef = 61147315147EA45D00F9DEA2 /* NSObject+DZ.h */; };
		61147330147EA45D00F9DEA2 /* NSObject+DZ.m in Sources */ = {isa = PBXBuildFile; fileRef = 61147316147EA45D00F9DEA2 /* NSObject+DZ.m */; };
		61147331147EA45D00F9DEA2 /* NSString+DZ.h in Headers */ = {isa = PBXBuildFile; fileRef = 61147317147EA45D00F9DEA2 /* NSString+DZ.h */; };
		61147332147EA45D00F9DEA2 /* NSString+DZ.m in Sources */ = {isa = PBXBuildFile; fileRef = 61147318147EA45D00F9DEA2 /* NSString+DZ.m */; };
		61147333147EA45D00F9DEA2 /* NSThread+DZ.h in Headers */ = {isa = PBXBuildFile; fileRef = 61147319147EA45D00F9DEA2 /* NSThread+DZ.h */; };
		61147334147EA45D00F9DEA2 /* NSThread+DZ.m in Sources */ = {isa = PBXBuildFile; fileRef = 6114731A147EA45D00F9DEA2 /* NSThread+DZ.m */; };
		61147335147EA45D00F9DEA2 /* NSURL+DZ.h in Headers */ = {isa = PBXBuildFile; fileRef = 6114731B147EA45D00F9DEA2 /* NSURL+DZ.h */; };
		61147336147EA45D00F9DEA2 /* NSURL+DZ.m in Sources */ = {isa = PBXBuildFile; fileRef = 6114731C147EA45D00F9DEA2 /* NSURL+DZ.m */; };
		61147337147EA45D00F9DEA2 /* UIView+DZ.h in Headers */ = {isa = PBXBuildFile; fileRef = 6114731D147EA45D00F9DEA2 /* UIView+DZ.h */; };
		61147338147EA45D00F9DEA2 /* UIView+DZ.m in Sources */ = {isa = PBXBuildFile; fileRef = 6114731E147EA45D00F9DEA2 /* UIView+DZ.m */; };
		61147339147EA45D00F9DEA2 /* UIViewController+DZ.h in Headers */ = {isa = PBXBuildFile; fileRef = 6114731F147EA45D00F9DEA2 /* UIViewController+DZ.h */; };
		6114733A147EA45D00F9DEA2 /* UIViewController+DZ.m in Sources */ = {isa = PBXBuildFile; fileRef = 61147320147EA45D00F9DEA2 /* UIViewController+DZ.m */; };
		6114733B147EA45D00F9DEA2 /* NSLocale+DZ.h in Headers */ = {isa = PBXBuildFile; fileRef = 61147321147EA45D00F9DEA2 /* NSLocale+DZ.h */; };
		6114733C147EA45D00F9DEA2 /* NSLocale+DZ.m in Sources */ = {isa = PBXBuildFile; fileRef = 61147322147EA45D00F9DEA2 /* NSLocale+DZ.m */; };
		61147343147EA4F700F9DEA2 /* DZFilter.h in Headers */ = {isa = PBXBuildFile; fileRef = 61147341147EA4F700F9DEA2 /* DZFilter.h */; };
		61147344147EA4F700F9DEA2 /* DZFilter.m in Sources */ = {isa = PBXBuildFile; fileRef = 61147342147EA4F700F9DEA2 /* DZFilter.m */; };
		61147347147EA50800F9DEA2 /* UIDevice+DZ.h in Headers */ = {isa = PBXBuildFile; fileRef = 61147345147EA50800F9DEA2 /* UIDevice+DZ.h */; };
		61147348147EA50800F9DEA2 /* UIDevice+DZ.m in Sources */ = {isa = PBXBuildFile; fileRef = 61147346147EA50800F9DEA2 /* UIDevice+DZ.m */; };
		617ADEAC14C595B20015C57F /* QuartzCore.framework in Frameworks */ = {isa = PBXBuildFile; fileRef = 617ADEAB14C595B20015C57F /* QuartzCore.framework */; };
		617ADEAF14C596DC0015C57F /* CoreGraphics.framework in Frameworks */ = {isa = PBXBuildFile; fileRef = 617ADEAE14C596DC0015C57F /* CoreGraphics.framework */; };
		617ADEB114C597180015C57F /* Accelerate.framework in Frameworks */ = {isa = PBXBuildFile; fileRef = 617ADEB014C597180015C57F /* Accelerate.framework */; settings = {ATTRIBUTES = (Weak, ); }; };
		618B82AE159AF4D4002AFDF4 /* UIBarButtonItem+DZ.h in Headers */ = {isa = PBXBuildFile; fileRef = 618B82AC159AF4D4002AFDF4 /* UIBarButtonItem+DZ.h */; };
		618B82AF159AF4D4002AFDF4 /* UIBarButtonItem+DZ.m in Sources */ = {isa = PBXBuildFile; fileRef = 618B82AD159AF4D4002AFDF4 /* UIBarButtonItem+DZ.m */; };
/* End PBXBuildFile section */

/* Begin PBXFileReference section */
		611472F1147EA3FE00F9DEA2 /* libiOS Library.a */ = {isa = PBXFileReference; explicitFileType = archive.ar; includeInIndex = 0; path = "libiOS Library.a"; sourceTree = BUILT_PRODUCTS_DIR; };
		611472F4147EA3FE00F9DEA2 /* Foundation.framework */ = {isa = PBXFileReference; lastKnownFileType = wrapper.framework; name = Foundation.framework; path = System/Library/Frameworks/Foundation.framework; sourceTree = SDKROOT; };
		611472F8147EA3FE00F9DEA2 /* iOS Library-Prefix.pch */ = {isa = PBXFileReference; lastKnownFileType = sourcecode.c.h; path = "iOS Library-Prefix.pch"; sourceTree = "<group>"; };
		61147309147EA45D00F9DEA2 /* DZMacros.h */ = {isa = PBXFileReference; fileEncoding = 4; lastKnownFileType = sourcecode.c.h; path = DZMacros.h; sourceTree = "<group>"; };
		6114730B147EA45D00F9DEA2 /* NSArray+DZ.h */ = {isa = PBXFileReference; fileEncoding = 4; lastKnownFileType = sourcecode.c.h; path = "NSArray+DZ.h"; sourceTree = "<group>"; };
		6114730C147EA45D00F9DEA2 /* NSArray+DZ.m */ = {isa = PBXFileReference; fileEncoding = 4; lastKnownFileType = sourcecode.c.objc; path = "NSArray+DZ.m"; sourceTree = "<group>"; };
		6114730D147EA45D00F9DEA2 /* NSData+DZ.h */ = {isa = PBXFileReference; fileEncoding = 4; lastKnownFileType = sourcecode.c.h; path = "NSData+DZ.h"; sourceTree = "<group>"; };
		6114730E147EA45D00F9DEA2 /* NSData+DZ.m */ = {isa = PBXFileReference; fileEncoding = 4; lastKnownFileType = sourcecode.c.objc; path = "NSData+DZ.m"; sourceTree = "<group>"; };
		6114730F147EA45D00F9DEA2 /* NSDate+DZ.h */ = {isa = PBXFileReference; fileEncoding = 4; lastKnownFileType = sourcecode.c.h; path = "NSDate+DZ.h"; sourceTree = "<group>"; };
		61147310147EA45D00F9DEA2 /* NSDate+DZ.m */ = {isa = PBXFileReference; fileEncoding = 4; lastKnownFileType = sourcecode.c.objc; path = "NSDate+DZ.m"; sourceTree = "<group>"; };
		61147311147EA45D00F9DEA2 /* NSMutableArray+DZ.h */ = {isa = PBXFileReference; fileEncoding = 4; lastKnownFileType = sourcecode.c.h; path = "NSMutableArray+DZ.h"; sourceTree = "<group>"; };
		61147312147EA45D00F9DEA2 /* NSMutableArray+DZ.m */ = {isa = PBXFileReference; fileEncoding = 4; lastKnownFileType = sourcecode.c.objc; path = "NSMutableArray+DZ.m"; sourceTree = "<group>"; };
		61147313147EA45D00F9DEA2 /* NSNotificationCenter+DZ.h */ = {isa = PBXFileReference; fileEncoding = 4; lastKnownFileType = sourcecode.c.h; path = "NSNotificationCenter+DZ.h"; sourceTree = "<group>"; };
		61147314147EA45D00F9DEA2 /* NSNotificationCenter+DZ.m */ = {isa = PBXFileReference; fileEncoding = 4; lastKnownFileType = sourcecode.c.objc; path = "NSNotificationCenter+DZ.m"; sourceTree = "<group>"; };
		61147315147EA45D00F9DEA2 /* NSObject+DZ.h */ = {isa = PBXFileReference; fileEncoding = 4; lastKnownFileType = sourcecode.c.h; path = "NSObject+DZ.h"; sourceTree = "<group>"; };
		61147316147EA45D00F9DEA2 /* NSObject+DZ.m */ = {isa = PBXFileReference; fileEncoding = 4; lastKnownFileType = sourcecode.c.objc; path = "NSObject+DZ.m"; sourceTree = "<group>"; };
		61147317147EA45D00F9DEA2 /* NSString+DZ.h */ = {isa = PBXFileReference; fileEncoding = 4; lastKnownFileType = sourcecode.c.h; path = "NSString+DZ.h"; sourceTree = "<group>"; };
		61147318147EA45D00F9DEA2 /* NSString+DZ.m */ = {isa = PBXFileReference; fileEncoding = 4; lastKnownFileType = sourcecode.c.objc; path = "NSString+DZ.m"; sourceTree = "<group>"; };
		61147319147EA45D00F9DEA2 /* NSThread+DZ.h */ = {isa = PBXFileReference; fileEncoding = 4; lastKnownFileType = sourcecode.c.h; path = "NSThread+DZ.h"; sourceTree = "<group>"; };
		6114731A147EA45D00F9DEA2 /* NSThread+DZ.m */ = {isa = PBXFileReference; fileEncoding = 4; lastKnownFileType = sourcecode.c.objc; path = "NSThread+DZ.m"; sourceTree = "<group>"; };
		6114731B147EA45D00F9DEA2 /* NSURL+DZ.h */ = {isa = PBXFileReference; fileEncoding = 4; lastKnownFileType = sourcecode.c.h; path = "NSURL+DZ.h"; sourceTree = "<group>"; };
		6114731C147EA45D00F9DEA2 /* NSURL+DZ.m */ = {isa = PBXFileReference; fileEncoding = 4; lastKnownFileType = sourcecode.c.objc; path = "NSURL+DZ.m"; sourceTree = "<group>"; };
		6114731D147EA45D00F9DEA2 /* UIView+DZ.h */ = {isa = PBXFileReference; fileEncoding = 4; lastKnownFileType = sourcecode.c.h; path = "UIView+DZ.h"; sourceTree = "<group>"; };
		6114731E147EA45D00F9DEA2 /* UIView+DZ.m */ = {isa = PBXFileReference; fileEncoding = 4; lastKnownFileType = sourcecode.c.objc; path = "UIView+DZ.m"; sourceTree = "<group>"; };
		6114731F147EA45D00F9DEA2 /* UIViewController+DZ.h */ = {isa = PBXFileReference; fileEncoding = 4; lastKnownFileType = sourcecode.c.h; path = "UIViewController+DZ.h"; sourceTree = "<group>"; };
		61147320147EA45D00F9DEA2 /* UIViewController+DZ.m */ = {isa = PBXFileReference; fileEncoding = 4; lastKnownFileType = sourcecode.c.objc; path = "UIViewController+DZ.m"; sourceTree = "<group>"; };
		61147321147EA45D00F9DEA2 /* NSLocale+DZ.h */ = {isa = PBXFileReference; fileEncoding = 4; lastKnownFileType = sourcecode.c.h; path = "NSLocale+DZ.h"; sourceTree = "<group>"; };
		61147322147EA45D00F9DEA2 /* NSLocale+DZ.m */ = {isa = PBXFileReference; fileEncoding = 4; lastKnownFileType = sourcecode.c.objc; path = "NSLocale+DZ.m"; sourceTree = "<group>"; };
		61147341147EA4F700F9DEA2 /* DZFilter.h */ = {isa = PBXFileReference; fileEncoding = 4; lastKnownFileType = sourcecode.c.h; path = DZFilter.h; sourceTree = "<group>"; };
		61147342147EA4F700F9DEA2 /* DZFilter.m */ = {isa = PBXFileReference; fileEncoding = 4; lastKnownFileType = sourcecode.c.objc; path = DZFilter.m; sourceTree = "<group>"; };
		61147345147EA50800F9DEA2 /* UIDevice+DZ.h */ = {isa = PBXFileReference; fileEncoding = 4; lastKnownFileType = sourcecode.c.h; path = "UIDevice+DZ.h"; sourceTree = "<group>"; };
		61147346147EA50800F9DEA2 /* UIDevice+DZ.m */ = {isa = PBXFileReference; fileEncoding = 4; lastKnownFileType = sourcecode.c.objc; path = "UIDevice+DZ.m"; sourceTree = "<group>"; };
		617ADEAB14C595B20015C57F /* QuartzCore.framework */ = {isa = PBXFileReference; lastKnownFileType = wrapper.framework; name = QuartzCore.framework; path = System/Library/Frameworks/QuartzCore.framework; sourceTree = SDKROOT; };
		617ADEAE14C596DC0015C57F /* CoreGraphics.framework */ = {isa = PBXFileReference; lastKnownFileType = wrapper.framework; name = CoreGraphics.framework; path = System/Library/Frameworks/CoreGraphics.framework; sourceTree = SDKROOT; };
		617ADEB014C597180015C57F /* Accelerate.framework */ = {isa = PBXFileReference; lastKnownFileType = wrapper.framework; name = Accelerate.framework; path = System/Library/Frameworks/Accelerate.framework; sourceTree = SDKROOT; };
		618B82AC159AF4D4002AFDF4 /* UIBarButtonItem+DZ.h */ = {isa = PBXFileReference; fileEncoding = 4; lastKnownFileType = sourcecode.c.h; path = "UIBarButtonItem+DZ.h"; sourceTree = "<group>"; };
		618B82AD159AF4D4002AFDF4 /* UIBarButtonItem+DZ.m */ = {isa = PBXFileReference; fileEncoding = 4; lastKnownFileType = sourcecode.c.objc; path = "UIBarButtonItem+DZ.m"; sourceTree = "<group>"; };
/* End PBXFileReference section */

/* Begin PBXFrameworksBuildPhase section */
		611472EE147EA3FE00F9DEA2 /* Frameworks */ = {
			isa = PBXFrameworksBuildPhase;
			buildActionMask = 2147483647;
			files = (
				617ADEB114C597180015C57F /* Accelerate.framework in Frameworks */,
				617ADEAF14C596DC0015C57F /* CoreGraphics.framework in Frameworks */,
				617ADEAC14C595B20015C57F /* QuartzCore.framework in Frameworks */,
				611472F5147EA3FE00F9DEA2 /* Foundation.framework in Frameworks */,
			);
			runOnlyForDeploymentPostprocessing = 0;
		};
/* End PBXFrameworksBuildPhase section */

/* Begin PBXGroup section */
		611472E6147EA3FE00F9DEA2 = {
			isa = PBXGroup;
			children = (
				611472F6147EA3FE00F9DEA2 /* Classes */,
				611472F3147EA3FE00F9DEA2 /* Frameworks */,
				611472F2147EA3FE00F9DEA2 /* Products */,
			);
			sourceTree = "<group>";
		};
		611472F2147EA3FE00F9DEA2 /* Products */ = {
			isa = PBXGroup;
			children = (
				611472F1147EA3FE00F9DEA2 /* libiOS Library.a */,
			);
			name = Products;
			sourceTree = "<group>";
		};
		611472F3147EA3FE00F9DEA2 /* Frameworks */ = {
			isa = PBXGroup;
			children = (
				617ADEB014C597180015C57F /* Accelerate.framework */,
				617ADEAE14C596DC0015C57F /* CoreGraphics.framework */,
				617ADEAB14C595B20015C57F /* QuartzCore.framework */,
				611472F4147EA3FE00F9DEA2 /* Foundation.framework */,
			);
			name = Frameworks;
			sourceTree = "<group>";
		};
		611472F6147EA3FE00F9DEA2 /* Classes */ = {
			isa = PBXGroup;
			children = (
				61147309147EA45D00F9DEA2 /* DZMacros.h */,
				6114730B147EA45D00F9DEA2 /* NSArray+DZ.h */,
				6114730C147EA45D00F9DEA2 /* NSArray+DZ.m */,
				61147345147EA50800F9DEA2 /* UIDevice+DZ.h */,
				61147346147EA50800F9DEA2 /* UIDevice+DZ.m */,
				6114730D147EA45D00F9DEA2 /* NSData+DZ.h */,
				6114730E147EA45D00F9DEA2 /* NSData+DZ.m */,
				6114730F147EA45D00F9DEA2 /* NSDate+DZ.h */,
				61147310147EA45D00F9DEA2 /* NSDate+DZ.m */,
				61147311147EA45D00F9DEA2 /* NSMutableArray+DZ.h */,
				61147312147EA45D00F9DEA2 /* NSMutableArray+DZ.m */,
				61147313147EA45D00F9DEA2 /* NSNotificationCenter+DZ.h */,
				61147314147EA45D00F9DEA2 /* NSNotificationCenter+DZ.m */,
				61147315147EA45D00F9DEA2 /* NSObject+DZ.h */,
				61147316147EA45D00F9DEA2 /* NSObject+DZ.m */,
				61147317147EA45D00F9DEA2 /* NSString+DZ.h */,
				61147318147EA45D00F9DEA2 /* NSString+DZ.m */,
				61147319147EA45D00F9DEA2 /* NSThread+DZ.h */,
				6114731A147EA45D00F9DEA2 /* NSThread+DZ.m */,
				6114731B147EA45D00F9DEA2 /* NSURL+DZ.h */,
				6114731C147EA45D00F9DEA2 /* NSURL+DZ.m */,
				6114731D147EA45D00F9DEA2 /* UIView+DZ.h */,
				6114731E147EA45D00F9DEA2 /* UIView+DZ.m */,
				6114731F147EA45D00F9DEA2 /* UIViewController+DZ.h */,
				61147320147EA45D00F9DEA2 /* UIViewController+DZ.m */,
				61147321147EA45D00F9DEA2 /* NSLocale+DZ.h */,
				61147322147EA45D00F9DEA2 /* NSLocale+DZ.m */,
				61147341147EA4F700F9DEA2 /* DZFilter.h */,
				61147342147EA4F700F9DEA2 /* DZFilter.m */,
				618B82AC159AF4D4002AFDF4 /* UIBarButtonItem+DZ.h */,
				618B82AD159AF4D4002AFDF4 /* UIBarButtonItem+DZ.m */,
				611472F7147EA3FE00F9DEA2 /* Supporting Files */,
			);
			name = Classes;
			path = "iOS Library";
			sourceTree = "<group>";
		};
		611472F7147EA3FE00F9DEA2 /* Supporting Files */ = {
			isa = PBXGroup;
			children = (
				611472F8147EA3FE00F9DEA2 /* iOS Library-Prefix.pch */,
			);
			name = "Supporting Files";
			sourceTree = "<group>";
		};
/* End PBXGroup section */

/* Begin PBXHeadersBuildPhase section */
		611472EF147EA3FE00F9DEA2 /* Headers */ = {
			isa = PBXHeadersBuildPhase;
			buildActionMask = 2147483647;
			files = (
				61147323147EA45D00F9DEA2 /* DZMacros.h in Headers */,
				61147325147EA45D00F9DEA2 /* NSArray+DZ.h in Headers */,
				61147327147EA45D00F9DEA2 /* NSData+DZ.h in Headers */,
				61147329147EA45D00F9DEA2 /* NSDate+DZ.h in Headers */,
				6114732B147EA45D00F9DEA2 /* NSMutableArray+DZ.h in Headers */,
				6114732D147EA45D00F9DEA2 /* NSNotificationCenter+DZ.h in Headers */,
				6114732F147EA45D00F9DEA2 /* NSObject+DZ.h in Headers */,
				61147331147EA45D00F9DEA2 /* NSString+DZ.h in Headers */,
				61147333147EA45D00F9DEA2 /* NSThread+DZ.h in Headers */,
				61147335147EA45D00F9DEA2 /* NSURL+DZ.h in Headers */,
				61147337147EA45D00F9DEA2 /* UIView+DZ.h in Headers */,
				61147339147EA45D00F9DEA2 /* UIViewController+DZ.h in Headers */,
				6114733B147EA45D00F9DEA2 /* NSLocale+DZ.h in Headers */,
				61147343147EA4F700F9DEA2 /* DZFilter.h in Headers */,
				61147347147EA50800F9DEA2 /* UIDevice+DZ.h in Headers */,
				618B82AE159AF4D4002AFDF4 /* UIBarButtonItem+DZ.h in Headers */,
			);
			runOnlyForDeploymentPostprocessing = 0;
		};
/* End PBXHeadersBuildPhase section */

/* Begin PBXNativeTarget section */
		611472F0147EA3FE00F9DEA2 /* iOS Library */ = {
			isa = PBXNativeTarget;
			buildConfigurationList = 611472FE147EA3FE00F9DEA2 /* Build configuration list for PBXNativeTarget "iOS Library" */;
			buildPhases = (
				611472ED147EA3FE00F9DEA2 /* Sources */,
				611472EE147EA3FE00F9DEA2 /* Frameworks */,
				611472EF147EA3FE00F9DEA2 /* Headers */,
			);
			buildRules = (
			);
			dependencies = (
			);
			name = "iOS Library";
			productName = "iOS Library";
			productReference = 611472F1147EA3FE00F9DEA2 /* libiOS Library.a */;
			productType = "com.apple.product-type.library.static";
		};
/* End PBXNativeTarget section */

/* Begin PBXProject section */
		611472E8147EA3FE00F9DEA2 /* Project object */ = {
			isa = PBXProject;
			attributes = {
				LastUpgradeCheck = 0450;
				ORGANIZATIONNAME = Dreimannzelt;
			};
			buildConfigurationList = 611472EB147EA3FE00F9DEA2 /* Build configuration list for PBXProject "iOS Library" */;
			compatibilityVersion = "Xcode 3.2";
			developmentRegion = English;
			hasScannedForEncodings = 0;
			knownRegions = (
				en,
			);
			mainGroup = 611472E6147EA3FE00F9DEA2;
			productRefGroup = 611472F2147EA3FE00F9DEA2 /* Products */;
			projectDirPath = "";
			projectRoot = "";
			targets = (
				611472F0147EA3FE00F9DEA2 /* iOS Library */,
			);
		};
/* End PBXProject section */

/* Begin PBXSourcesBuildPhase section */
		611472ED147EA3FE00F9DEA2 /* Sources */ = {
			isa = PBXSourcesBuildPhase;
			buildActionMask = 2147483647;
			files = (
				61147326147EA45D00F9DEA2 /* NSArray+DZ.m in Sources */,
				61147328147EA45D00F9DEA2 /* NSData+DZ.m in Sources */,
				6114732A147EA45D00F9DEA2 /* NSDate+DZ.m in Sources */,
				6114732C147EA45D00F9DEA2 /* NSMutableArray+DZ.m in Sources */,
				6114732E147EA45D00F9DEA2 /* NSNotificationCenter+DZ.m in Sources */,
				61147330147EA45D00F9DEA2 /* NSObject+DZ.m in Sources */,
				61147332147EA45D00F9DEA2 /* NSString+DZ.m in Sources */,
				61147334147EA45D00F9DEA2 /* NSThread+DZ.m in Sources */,
				61147336147EA45D00F9DEA2 /* NSURL+DZ.m in Sources */,
				61147338147EA45D00F9DEA2 /* UIView+DZ.m in Sources */,
				6114733A147EA45D00F9DEA2 /* UIViewController+DZ.m in Sources */,
				6114733C147EA45D00F9DEA2 /* NSLocale+DZ.m in Sources */,
				61147344147EA4F700F9DEA2 /* DZFilter.m in Sources */,
				61147348147EA50800F9DEA2 /* UIDevice+DZ.m in Sources */,
				618B82AF159AF4D4002AFDF4 /* UIBarButtonItem+DZ.m in Sources */,
			);
			runOnlyForDeploymentPostprocessing = 0;
		};
/* End PBXSourcesBuildPhase section */

/* Begin XCBuildConfiguration section */
		611472FC147EA3FE00F9DEA2 /* Debug */ = {
			isa = XCBuildConfiguration;
			buildSettings = {
				ALWAYS_SEARCH_USER_PATHS = NO;
				ARCHS = "$(ARCHS_STANDARD_32_BIT)";
				COPY_PHASE_STRIP = NO;
				GCC_C_LANGUAGE_STANDARD = gnu99;
				GCC_DYNAMIC_NO_PIC = NO;
				GCC_OPTIMIZATION_LEVEL = 0;
				GCC_PREPROCESSOR_DEFINITIONS = (
					"DEBUG=1",
					"$(inherited)",
				);
				GCC_SYMBOLS_PRIVATE_EXTERN = NO;
				GCC_VERSION = com.apple.compilers.llvm.clang.1_0;
				GCC_WARN_ABOUT_MISSING_PROTOTYPES = YES;
				GCC_WARN_ABOUT_RETURN_TYPE = YES;
				GCC_WARN_UNUSED_VARIABLE = YES;
				IPHONEOS_DEPLOYMENT_TARGET = 5.0;
				SDKROOT = iphoneos;
			};
			name = Debug;
		};
		611472FD147EA3FE00F9DEA2 /* Release */ = {
			isa = XCBuildConfiguration;
			buildSettings = {
				ALWAYS_SEARCH_USER_PATHS = NO;
				ARCHS = "$(ARCHS_STANDARD_32_BIT)";
				COPY_PHASE_STRIP = YES;
				GCC_C_LANGUAGE_STANDARD = gnu99;
				GCC_VERSION = com.apple.compilers.llvm.clang.1_0;
				GCC_WARN_ABOUT_MISSING_PROTOTYPES = YES;
				GCC_WARN_ABOUT_RETURN_TYPE = YES;
				GCC_WARN_UNUSED_VARIABLE = YES;
				IPHONEOS_DEPLOYMENT_TARGET = 5.0;
				SDKROOT = iphoneos;
				VALIDATE_PRODUCT = YES;
			};
			name = Release;
		};
		611472FF147EA3FE00F9DEA2 /* Debug */ = {
			isa = XCBuildConfiguration;
			buildSettings = {
				DSTROOT = /tmp/iOS_Library.dst;
				GCC_PRECOMPILE_PREFIX_HEADER = YES;
				GCC_PREFIX_HEADER = "iOS Library/iOS Library-Prefix.pch";
				OTHER_LDFLAGS = "-ObjC";
				PRODUCT_NAME = "$(TARGET_NAME)";
				SKIP_INSTALL = YES;
			};
			name = Debug;
		};
		61147300147EA3FE00F9DEA2 /* Release */ = {
			isa = XCBuildConfiguration;
			buildSettings = {
				DSTROOT = /tmp/iOS_Library.dst;
				GCC_PRECOMPILE_PREFIX_HEADER = YES;
				GCC_PREFIX_HEADER = "iOS Library/iOS Library-Prefix.pch";
				OTHER_LDFLAGS = "-ObjC";
				PRODUCT_NAME = "$(TARGET_NAME)";
				SKIP_INSTALL = YES;
			};
			name = Release;
		};
/* End XCBuildConfiguration section */

/* Begin XCConfigurationList section */
		611472EB147EA3FE00F9DEA2 /* Build configuration list for PBXProject "iOS Library" */ = {
			isa = XCConfigurationList;
			buildConfigurations = (
				611472FC147EA3FE00F9DEA2 /* Debug */,
				611472FD147EA3FE00F9DEA2 /* Release */,
			);
			defaultConfigurationIsVisible = 0;
			defaultConfigurationName = Release;
		};
		611472FE147EA3FE00F9DEA2 /* Build configuration list for PBXNativeTarget "iOS Library" */ = {
			isa = XCConfigurationList;
			buildConfigurations = (
				611472FF147EA3FE00F9DEA2 /* Debug */,
				61147300147EA3FE00F9DEA2 /* Release */,
			);
			defaultConfigurationIsVisible = 0;
			defaultConfigurationName = Release;
		};
/* End XCConfigurationList section */
	};
	rootObject = 611472E8147EA3FE00F9DEA2 /* Project object */;
}
