// !$*UTF8*$!
{
	archiveVersion = 1;
	classes = {
	};
	objectVersion = 46;
	objects = {

/* Begin PBXBuildFile section */
		611472F5147EA3FE00F9DEA2 /* Foundation.framework in Frameworks */ = {isa = PBXBuildFile; fileRef = 611472F4147EA3FE00F9DEA2 /* Foundation.framework */; };
		611472FB147EA3FE00F9DEA2 /* iOS_Library.m in Sources */ = {isa = PBXBuildFile; fileRef = 611472FA147EA3FE00F9DEA2 /* iOS_Library.m */; };
/* End PBXBuildFile section */

/* Begin PBXFileReference section */
		611472F1147EA3FE00F9DEA2 /* libiOS Library.a */ = {isa = PBXFileReference; explicitFileType = archive.ar; includeInIndex = 0; path = "libiOS Library.a"; sourceTree = BUILT_PRODUCTS_DIR; };
		611472F4147EA3FE00F9DEA2 /* Foundation.framework */ = {isa = PBXFileReference; lastKnownFileType = wrapper.framework; name = Foundation.framework; path = System/Library/Frameworks/Foundation.framework; sourceTree = SDKROOT; };
		611472F8147EA3FE00F9DEA2 /* iOS Library-Prefix.pch */ = {isa = PBXFileReference; path = "iOS Library-Prefix.pch"; sourceTree = "<group>"; };
		611472F9147EA3FE00F9DEA2 /* iOS_Library.h */ = {isa = PBXFileReference; path = iOS_Library.h; sourceTree = "<group>"; };
		611472FA147EA3FE00F9DEA2 /* iOS_Library.m */ = {isa = PBXFileReference; lastKnownFileType = sourcecode.c.objc; path = iOS_Library.m; sourceTree = "<group>"; };
/* End PBXFileReference section */

/* Begin PBXFrameworksBuildPhase section */
		611472EE147EA3FE00F9DEA2 /* Frameworks */ = {
			isa = PBXFrameworksBuildPhase;
			buildActionMask = 2147483647;
			files = (
				611472F5147EA3FE00F9DEA2 /* Foundation.framework in Frameworks */,
			);
			runOnlyForDeploymentPostprocessing = 0;
		};
/* End PBXFrameworksBuildPhase section */

/* Begin PBXGroup section */
		611472E6147EA3FE00F9DEA2 = {
			isa = PBXGroup;
			children = (
				611472F6147EA3FE00F9DEA2 /* iOS Library */,
				611472F3147EA3FE00F9DEA2 /* Frameworks */,
				611472F2147EA3FE00F9DEA2 /* Products */,
			);
			sourceTree = "<group>";
		};
		611472F2147EA3FE00F9DEA2 /* Products */ = {
			isa = PBXGroup;
			children = (
				611472F1147EA3FE00F9DEA2 /* libiOS Library.a */,
			);
			name = Products;
			sourceTree = "<group>";
		};
		611472F3147EA3FE00F9DEA2 /* Frameworks */ = {
			isa = PBXGroup;
			children = (
				611472F4147EA3FE00F9DEA2 /* Foundation.framework */,
			);
			name = Frameworks;
			sourceTree = "<group>";
		};
		611472F6147EA3FE00F9DEA2 /* iOS Library */ = {
			isa = PBXGroup;
			children = (
				611472F9147EA3FE00F9DEA2 /* iOS_Library.h */,
				611472FA147EA3FE00F9DEA2 /* iOS_Library.m */,
				611472F7147EA3FE00F9DEA2 /* Supporting Files */,
			);
			path = "iOS Library";
			sourceTree = "<group>";
		};
		611472F7147EA3FE00F9DEA2 /* Supporting Files */ = {
			isa = PBXGroup;
			children = (
				611472F8147EA3FE00F9DEA2 /* iOS Library-Prefix.pch */,
			);
			name = "Supporting Files";
			sourceTree = "<group>";
		};
/* End PBXGroup section */

/* Begin PBXHeadersBuildPhase section */
		611472EF147EA3FE00F9DEA2 /* Headers */ = {
			isa = PBXHeadersBuildPhase;
			buildActionMask = 2147483647;
			files = (
			);
			runOnlyForDeploymentPostprocessing = 0;
		};
/* End PBXHeadersBuildPhase section */

/* Begin PBXNativeTarget section */
		611472F0147EA3FE00F9DEA2 /* iOS Library */ = {
			isa = PBXNativeTarget;
			buildConfigurationList = 611472FE147EA3FE00F9DEA2 /* Build configuration list for PBXNativeTarget "iOS Library" */;
			buildPhases = (
				611472ED147EA3FE00F9DEA2 /* Sources */,
				611472EE147EA3FE00F9DEA2 /* Frameworks */,
				611472EF147EA3FE00F9DEA2 /* Headers */,
			);
			buildRules = (
			);
			dependencies = (
			);
			name = "iOS Library";
			productName = "iOS Library";
			productReference = 611472F1147EA3FE00F9DEA2 /* libiOS Library.a */;
			productType = "com.apple.product-type.library.static";
		};
/* End PBXNativeTarget section */

/* Begin PBXProject section */
		611472E8147EA3FE00F9DEA2 /* Project object */ = {
			isa = PBXProject;
			attributes = {
				LastUpgradeCheck = 0420;
				ORGANIZATIONNAME = Dreimannzelt;
			};
			buildConfigurationList = 611472EB147EA3FE00F9DEA2 /* Build configuration list for PBXProject "iOS Library" */;
			compatibilityVersion = "Xcode 3.2";
			developmentRegion = English;
			hasScannedForEncodings = 0;
			knownRegions = (
				en,
			);
			mainGroup = 611472E6147EA3FE00F9DEA2;
			productRefGroup = 611472F2147EA3FE00F9DEA2 /* Products */;
			projectDirPath = "";
			projectRoot = "";
			targets = (
				611472F0147EA3FE00F9DEA2 /* iOS Library */,
			);
		};
/* End PBXProject section */

/* Begin PBXSourcesBuildPhase section */
		611472ED147EA3FE00F9DEA2 /* Sources */ = {
			isa = PBXSourcesBuildPhase;
			buildActionMask = 2147483647;
			files = (
				611472FB147EA3FE00F9DEA2 /* iOS_Library.m in Sources */,
			);
			runOnlyForDeploymentPostprocessing = 0;
		};
/* End PBXSourcesBuildPhase section */

/* Begin XCBuildConfiguration section */
		611472FC147EA3FE00F9DEA2 /* Debug */ = {
			isa = XCBuildConfiguration;
			buildSettings = {
				ALWAYS_SEARCH_USER_PATHS = NO;
				ARCHS = "$(ARCHS_STANDARD_32_BIT)";
				COPY_PHASE_STRIP = NO;
				GCC_C_LANGUAGE_STANDARD = gnu99;
				GCC_DYNAMIC_NO_PIC = NO;
				GCC_OPTIMIZATION_LEVEL = 0;
				GCC_PREPROCESSOR_DEFINITIONS = (
					"DEBUG=1",
					"$(inherited)",
				);
				GCC_SYMBOLS_PRIVATE_EXTERN = NO;
				GCC_VERSION = com.apple.compilers.llvm.clang.1_0;
				GCC_WARN_ABOUT_MISSING_PROTOTYPES = YES;
				GCC_WARN_ABOUT_RETURN_TYPE = YES;
				GCC_WARN_UNUSED_VARIABLE = YES;
				IPHONEOS_DEPLOYMENT_TARGET = 5.0;
				SDKROOT = iphoneos;
			};
			name = Debug;
		};
		611472FD147EA3FE00F9DEA2 /* Release */ = {
			isa = XCBuildConfiguration;
			buildSettings = {
				ALWAYS_SEARCH_USER_PATHS = NO;
				ARCHS = "$(ARCHS_STANDARD_32_BIT)";
				COPY_PHASE_STRIP = YES;
				GCC_C_LANGUAGE_STANDARD = gnu99;
				GCC_VERSION = com.apple.compilers.llvm.clang.1_0;
				GCC_WARN_ABOUT_MISSING_PROTOTYPES = YES;
				GCC_WARN_ABOUT_RETURN_TYPE = YES;
				GCC_WARN_UNUSED_VARIABLE = YES;
				IPHONEOS_DEPLOYMENT_TARGET = 5.0;
				SDKROOT = iphoneos;
				VALIDATE_PRODUCT = YES;
			};
			name = Release;
		};
		611472FF147EA3FE00F9DEA2 /* Debug */ = {
			isa = XCBuildConfiguration;
			buildSettings = {
				DSTROOT = /tmp/iOS_Library.dst;
				GCC_PRECOMPILE_PREFIX_HEADER = YES;
				GCC_PREFIX_HEADER = "iOS Library/iOS Library-Prefix.pch";
				OTHER_LDFLAGS = "-ObjC";
				PRODUCT_NAME = "$(TARGET_NAME)";
				SKIP_INSTALL = YES;
			};
			name = Debug;
		};
		61147300147EA3FE00F9DEA2 /* Release */ = {
			isa = XCBuildConfiguration;
			buildSettings = {
				DSTROOT = /tmp/iOS_Library.dst;
				GCC_PRECOMPILE_PREFIX_HEADER = YES;
				GCC_PREFIX_HEADER = "iOS Library/iOS Library-Prefix.pch";
				OTHER_LDFLAGS = "-ObjC";
				PRODUCT_NAME = "$(TARGET_NAME)";
				SKIP_INSTALL = YES;
			};
			name = Release;
		};
/* End XCBuildConfiguration section */

/* Begin XCConfigurationList section */
		611472EB147EA3FE00F9DEA2 /* Build configuration list for PBXProject "iOS Library" */ = {
			isa = XCConfigurationList;
			buildConfigurations = (
				611472FC147EA3FE00F9DEA2 /* Debug */,
				611472FD147EA3FE00F9DEA2 /* Release */,
			);
			defaultConfigurationIsVisible = 0;
			defaultConfigurationName = Release;
		};
		611472FE147EA3FE00F9DEA2 /* Build configuration list for PBXNativeTarget "iOS Library" */ = {
			isa = XCConfigurationList;
			buildConfigurations = (
				611472FF147EA3FE00F9DEA2 /* Debug */,
				61147300147EA3FE00F9DEA2 /* Release */,
			);
			defaultConfigurationIsVisible = 0;
		};
/* End XCConfigurationList section */
	};
	rootObject = 611472E8147EA3FE00F9DEA2 /* Project object */;
}
